
Microsoft Visual Studio Solution File, Format Version 12.00
# Visual Studio Version 16
VisualStudioVersion = 16.0.29709.97
MinimumVisualStudioVersion = 10.0.40219.1
Project("{FAE04EC0-301F-11D3-BF4B-00C04F79EFBC}") = "EdiNation.X12.HIPAA.004010", "EdiNation.X12.HIPAA.004010\EdiNation.X12.HIPAA.004010.csproj", "{1B1171C0-2A39-42A5-85F7-36FCCF2346ED}"
EndProject
Project("{FAE04EC0-301F-11D3-BF4B-00C04F79EFBC}") = "EdiNation.X12.HIPAA.005010", "EdiNation.X12.HIPAA.005010\EdiNation.X12.HIPAA.005010.csproj", "{234DB4CF-4807-4EEC-9221-EA936C6A710F}"
EndProject
Project("{FAE04EC0-301F-11D3-BF4B-00C04F79EFBC}") = "EdiNation.X12.HIPAA.005010.Base", "EdiNation.X12.HIPAA.005010.Base\EdiNation.X12.HIPAA.005010.Base.csproj", "{4C338AD2-720D-4992-B6A0-09AC509CD90E}"
EndProject
Global
	GlobalSection(SolutionConfigurationPlatforms) = preSolution
		Debug|Any CPU = Debug|Any CPU
		Release|Any CPU = Release|Any CPU
	EndGlobalSection
	GlobalSection(ProjectConfigurationPlatforms) = postSolution
		{1B1171C0-2A39-42A5-85F7-36FCCF2346ED}.Debug|Any CPU.ActiveCfg = Debug|Any CPU
		{1B1171C0-2A39-42A5-85F7-36FCCF2346ED}.Debug|Any CPU.Build.0 = Debug|Any CPU
		{1B1171C0-2A39-42A5-85F7-36FCCF2346ED}.Release|Any CPU.ActiveCfg = Release|Any CPU
		{1B1171C0-2A39-42A5-85F7-36FCCF2346ED}.Release|Any CPU.Build.0 = Release|Any CPU
		{234DB4CF-4807-4EEC-9221-EA936C6A710F}.Debug|Any CPU.ActiveCfg = Debug|Any CPU
		{234DB4CF-4807-4EEC-9221-EA936C6A710F}.Debug|Any CPU.Build.0 = Debug|Any CPU
		{234DB4CF-4807-4EEC-9221-EA936C6A710F}.Release|Any CPU.ActiveCfg = Release|Any CPU
		{234DB4CF-4807-4EEC-9221-EA936C6A710F}.Release|Any CPU.Build.0 = Release|Any CPU
		{4C338AD2-720D-4992-B6A0-09AC509CD90E}.Debug|Any CPU.ActiveCfg = Debug|Any CPU
		{4C338AD2-720D-4992-B6A0-09AC509CD90E}.Debug|Any CPU.Build.0 = Debug|Any CPU
		{4C338AD2-720D-4992-B6A0-09AC509CD90E}.Release|Any CPU.ActiveCfg = Release|Any CPU
		{4C338AD2-720D-4992-B6A0-09AC509CD90E}.Release|Any CPU.Build.0 = Release|Any CPU
	EndGlobalSection
	GlobalSection(SolutionProperties) = preSolution
		HideSolutionNode = FALSE
	EndGlobalSection
	GlobalSection(ExtensibilityGlobals) = postSolution
		SolutionGuid = {1E34D46D-F266-4CAA-9647-9E6800156091}
	EndGlobalSection
EndGlobal
